
Microsoft Visual Studio Solution File, Format Version 12.00
# Visual Studio Version 17
VisualStudioVersion = 17.2.32616.157
MinimumVisualStudioVersion = 10.0.40219.1
Project("{9A19103F-16F7-4668-BE54-9A1E7A4F7556}") = "OBSTools", "streamdeck-obstools\OBSTools.csproj", "{D52AFB8F-650B-4000-8C41-5F99684933EC}"
EndProject
Project("{9A19103F-16F7-4668-BE54-9A1E7A4F7556}") = "OTI.Shared", "..\OTI.Shared\OTI.Shared.csproj", "{621AE01B-4B89-4805-B5AB-4F7E179BD277}"
EndProject
Global
	GlobalSection(SolutionConfigurationPlatforms) = preSolution
		Debug|Any CPU = Debug|Any CPU
		Debug|x64 = Debug|x64
		Release|Any CPU = Release|Any CPU
		Release|x64 = Release|x64
	EndGlobalSection
	GlobalSection(ProjectConfigurationPlatforms) = postSolution
		{D52AFB8F-650B-4000-8C41-5F99684933EC}.Debug|Any CPU.ActiveCfg = Debug|Any CPU
		{D52AFB8F-650B-4000-8C41-5F99684933EC}.Debug|Any CPU.Build.0 = Debug|Any CPU
		{D52AFB8F-650B-4000-8C41-5F99684933EC}.Debug|x64.ActiveCfg = Debug|Any CPU
		{D52AFB8F-650B-4000-8C41-5F99684933EC}.Debug|x64.Build.0 = Debug|Any CPU
		{D52AFB8F-650B-4000-8C41-5F99684933EC}.Release|Any CPU.ActiveCfg = Release|Any CPU
		{D52AFB8F-650B-4000-8C41-5F99684933EC}.Release|Any CPU.Build.0 = Release|Any CPU
		{D52AFB8F-650B-4000-8C41-5F99684933EC}.Release|x64.ActiveCfg = Release|Any CPU
		{D52AFB8F-650B-4000-8C41-5F99684933EC}.Release|x64.Build.0 = Release|Any CPU
		{621AE01B-4B89-4805-B5AB-4F7E179BD277}.Debug|Any CPU.ActiveCfg = Debug|Any CPU
		{621AE01B-4B89-4805-B5AB-4F7E179BD277}.Debug|Any CPU.Build.0 = Debug|Any CPU
		{621AE01B-4B89-4805-B5AB-4F7E179BD277}.Debug|x64.ActiveCfg = Debug|Any CPU
		{621AE01B-4B89-4805-B5AB-4F7E179BD277}.Debug|x64.Build.0 = Debug|Any CPU
		{621AE01B-4B89-4805-B5AB-4F7E179BD277}.Release|Any CPU.ActiveCfg = Release|Any CPU
		{621AE01B-4B89-4805-B5AB-4F7E179BD277}.Release|Any CPU.Build.0 = Release|Any CPU
		{621AE01B-4B89-4805-B5AB-4F7E179BD277}.Release|x64.ActiveCfg = Release|Any CPU
		{621AE01B-4B89-4805-B5AB-4F7E179BD277}.Release|x64.Build.0 = Release|Any CPU
	EndGlobalSection
	GlobalSection(SolutionProperties) = preSolution
		HideSolutionNode = FALSE
	EndGlobalSection
	GlobalSection(ExtensibilityGlobals) = postSolution
		SolutionGuid = {31275664-4310-4D8B-930C-9D42FAF1D41B}
	EndGlobalSection
EndGlobal
