
Microsoft Visual Studio Solution File, Format Version 12.00
# Visual Studio Version 17
VisualStudioVersion = 17.2.32616.157
MinimumVisualStudioVersion = 10.0.40219.1
Project("{9A19103F-16F7-4668-BE54-9A1E7A4F7556}") = "OBSTools", "streamdeck-obstools\OBSTools.csproj", "{D52AFB8F-650B-4000-8C41-5F99684933EC}"
EndProject
Project("{9A19103F-16F7-4668-BE54-9A1E7A4F7556}") = "OTI.Shared", "..\..\DotNet\OTI.Shared\OTI.Shared.csproj", "{86096883-9575-4A6D-8B29-434D9D7B9601}"
EndProject
Project("{9A19103F-16F7-4668-BE54-9A1E7A4F7556}") = "obs-websocket-dotnet", "..\obs-websocket-dotnet-v5\obs-websocket-dotnet\obs-websocket-dotnet.csproj", "{F2FD9E8F-FF02-4465-A636-2B56B4BB382E}"
EndProject
Project("{9A19103F-16F7-4668-BE54-9A1E7A4F7556}") = "barraider-sdtools", "..\streamdeck-tools\barraider-sdtools\barraider-sdtools.csproj", "{66991748-2F48-4EC4-AE48-FCB84CE940B3}"
EndProject
Global
	GlobalSection(SolutionConfigurationPlatforms) = preSolution
		Debug|Any CPU = Debug|Any CPU
		Release|Any CPU = Release|Any CPU
	EndGlobalSection
	GlobalSection(ProjectConfigurationPlatforms) = postSolution
		{D52AFB8F-650B-4000-8C41-5F99684933EC}.Debug|Any CPU.ActiveCfg = Debug|Any CPU
		{D52AFB8F-650B-4000-8C41-5F99684933EC}.Debug|Any CPU.Build.0 = Debug|Any CPU
		{D52AFB8F-650B-4000-8C41-5F99684933EC}.Release|Any CPU.ActiveCfg = Release|Any CPU
		{D52AFB8F-650B-4000-8C41-5F99684933EC}.Release|Any CPU.Build.0 = Release|Any CPU
		{86096883-9575-4A6D-8B29-434D9D7B9601}.Debug|Any CPU.ActiveCfg = Debug|Any CPU
		{86096883-9575-4A6D-8B29-434D9D7B9601}.Debug|Any CPU.Build.0 = Debug|Any CPU
		{86096883-9575-4A6D-8B29-434D9D7B9601}.Release|Any CPU.ActiveCfg = Release|Any CPU
		{86096883-9575-4A6D-8B29-434D9D7B9601}.Release|Any CPU.Build.0 = Release|Any CPU
		{F2FD9E8F-FF02-4465-A636-2B56B4BB382E}.Debug|Any CPU.ActiveCfg = Debug|Any CPU
		{F2FD9E8F-FF02-4465-A636-2B56B4BB382E}.Debug|Any CPU.Build.0 = Debug|Any CPU
		{F2FD9E8F-FF02-4465-A636-2B56B4BB382E}.Release|Any CPU.ActiveCfg = Release|Any CPU
		{F2FD9E8F-FF02-4465-A636-2B56B4BB382E}.Release|Any CPU.Build.0 = Release|Any CPU
		{66991748-2F48-4EC4-AE48-FCB84CE940B3}.Debug|Any CPU.ActiveCfg = Debug|Any CPU
		{66991748-2F48-4EC4-AE48-FCB84CE940B3}.Debug|Any CPU.Build.0 = Debug|Any CPU
		{66991748-2F48-4EC4-AE48-FCB84CE940B3}.Release|Any CPU.ActiveCfg = Release|Any CPU
		{66991748-2F48-4EC4-AE48-FCB84CE940B3}.Release|Any CPU.Build.0 = Release|Any CPU
	EndGlobalSection
	GlobalSection(SolutionProperties) = preSolution
		HideSolutionNode = FALSE
	EndGlobalSection
	GlobalSection(ExtensibilityGlobals) = postSolution
		SolutionGuid = {31275664-4310-4D8B-930C-9D42FAF1D41B}
	EndGlobalSection
EndGlobal
